// !$*UTF8*$!
{
	archiveVersion = 1;
	classes = {
	};
	objectVersion = 50;
	objects = {

/* Begin PBXBuildFile section */
		A71FBCE0217CC00E00692BFB /* AppDelegate.m in Sources */ = {isa = PBXBuildFile; fileRef = A71FBCDF217CC00E00692BFB /* AppDelegate.m */; };
		A71FBCE3217CC00E00692BFB /* ViewController.m in Sources */ = {isa = PBXBuildFile; fileRef = A71FBCE2217CC00E00692BFB /* ViewController.m */; };
		A71FBCE6217CC00E00692BFB /* Main.storyboard in Resources */ = {isa = PBXBuildFile; fileRef = A71FBCE4217CC00E00692BFB /* Main.storyboard */; };
		A71FBCE8217CC00F00692BFB /* Assets.xcassets in Resources */ = {isa = PBXBuildFile; fileRef = A71FBCE7217CC00F00692BFB /* Assets.xcassets */; };
		A71FBCEB217CC00F00692BFB /* LaunchScreen.storyboard in Resources */ = {isa = PBXBuildFile; fileRef = A71FBCE9217CC00F00692BFB /* LaunchScreen.storyboard */; };
		A71FBCEE217CC00F00692BFB /* main.m in Sources */ = {isa = PBXBuildFile; fileRef = A71FBCED217CC00F00692BFB /* main.m */; };
		A71FBCF7217CC05600692BFB /* HeeeCircleView.m in Sources */ = {isa = PBXBuildFile; fileRef = A71FBCF6217CC05600692BFB /* HeeeCircleView.m */; };
/* End PBXBuildFile section */

/* Begin PBXFileReference section */
		A71FBCDB217CC00E00692BFB /* HeeeCircleView-demo.app */ = {isa = PBXFileReference; explicitFileType = wrapper.application; includeInIndex = 0; path = "HeeeCircleView-demo.app"; sourceTree = BUILT_PRODUCTS_DIR; };
		A71FBCDE217CC00E00692BFB /* AppDelegate.h */ = {isa = PBXFileReference; lastKnownFileType = sourcecode.c.h; path = AppDelegate.h; sourceTree = "<group>"; };
		A71FBCDF217CC00E00692BFB /* AppDelegate.m */ = {isa = PBXFileReference; lastKnownFileType = sourcecode.c.objc; path = AppDelegate.m; sourceTree = "<group>"; };
		A71FBCE1217CC00E00692BFB /* ViewController.h */ = {isa = PBXFileReference; lastKnownFileType = sourcecode.c.h; path = ViewController.h; sourceTree = "<group>"; };
		A71FBCE2217CC00E00692BFB /* ViewController.m */ = {isa = PBXFileReference; lastKnownFileType = sourcecode.c.objc; path = ViewController.m; sourceTree = "<group>"; };
		A71FBCE5217CC00E00692BFB /* Base */ = {isa = PBXFileReference; lastKnownFileType = file.storyboard; name = Base; path = Base.lproj/Main.storyboard; sourceTree = "<group>"; };
		A71FBCE7217CC00F00692BFB /* Assets.xcassets */ = {isa = PBXFileReference; lastKnownFileType = folder.assetcatalog; path = Assets.xcassets; sourceTree = "<group>"; };
		A71FBCEA217CC00F00692BFB /* Base */ = {isa = PBXFileReference; lastKnownFileType = file.storyboard; name = Base; path = Base.lproj/LaunchScreen.storyboard; sourceTree = "<group>"; };
		A71FBCEC217CC00F00692BFB /* Info.plist */ = {isa = PBXFileReference; lastKnownFileType = text.plist.xml; path = Info.plist; sourceTree = "<group>"; };
		A71FBCED217CC00F00692BFB /* main.m */ = {isa = PBXFileReference; lastKnownFileType = sourcecode.c.objc; path = main.m; sourceTree = "<group>"; };
		A71FBCF5217CC05600692BFB /* HeeeCircleView.h */ = {isa = PBXFileReference; fileEncoding = 4; lastKnownFileType = sourcecode.c.h; path = HeeeCircleView.h; sourceTree = "<group>"; };
		A71FBCF6217CC05600692BFB /* HeeeCircleView.m */ = {isa = PBXFileReference; fileEncoding = 4; lastKnownFileType = sourcecode.c.objc; path = HeeeCircleView.m; sourceTree = "<group>"; };
/* End PBXFileReference section */

/* Begin PBXFrameworksBuildPhase section */
		A71FBCD8217CC00E00692BFB /* Frameworks */ = {
			isa = PBXFrameworksBuildPhase;
			buildActionMask = 2147483647;
			files = (
			);
			runOnlyForDeploymentPostprocessing = 0;
		};
/* End PBXFrameworksBuildPhase section */

/* Begin PBXGroup section */
		A71FBCD2217CC00D00692BFB = {
			isa = PBXGroup;
			children = (
				A71FBCDD217CC00E00692BFB /* HeeeCircleView-demo */,
				A71FBCDC217CC00E00692BFB /* Products */,
			);
			sourceTree = "<group>";
		};
		A71FBCDC217CC00E00692BFB /* Products */ = {
			isa = PBXGroup;
			children = (
				A71FBCDB217CC00E00692BFB /* HeeeCircleView-demo.app */,
			);
			name = Products;
			sourceTree = "<group>";
		};
		A71FBCDD217CC00E00692BFB /* HeeeCircleView-demo */ = {
			isa = PBXGroup;
			children = (
				A71FBCDE217CC00E00692BFB /* AppDelegate.h */,
				A71FBCDF217CC00E00692BFB /* AppDelegate.m */,
				A71FBCE1217CC00E00692BFB /* ViewController.h */,
				A71FBCE2217CC00E00692BFB /* ViewController.m */,
				A71FBCF4217CC05600692BFB /* HeeeCircleView */,
				A71FBCE4217CC00E00692BFB /* Main.storyboard */,
				A71FBCE7217CC00F00692BFB /* Assets.xcassets */,
				A71FBCE9217CC00F00692BFB /* LaunchScreen.storyboard */,
				A71FBCEC217CC00F00692BFB /* Info.plist */,
				A71FBCED217CC00F00692BFB /* main.m */,
			);
			path = "HeeeCircleView-demo";
			sourceTree = "<group>";
		};
		A71FBCF4217CC05600692BFB /* HeeeCircleView */ = {
			isa = PBXGroup;
			children = (
				A71FBCF5217CC05600692BFB /* HeeeCircleView.h */,
				A71FBCF6217CC05600692BFB /* HeeeCircleView.m */,
			);
			path = HeeeCircleView;
			sourceTree = "<group>";
		};
/* End PBXGroup section */

/* Begin PBXNativeTarget section */
		A71FBCDA217CC00E00692BFB /* HeeeCircleView-demo */ = {
			isa = PBXNativeTarget;
			buildConfigurationList = A71FBCF1217CC00F00692BFB /* Build configuration list for PBXNativeTarget "HeeeCircleView-demo" */;
			buildPhases = (
				A71FBCD7217CC00E00692BFB /* Sources */,
				A71FBCD8217CC00E00692BFB /* Frameworks */,
				A71FBCD9217CC00E00692BFB /* Resources */,
			);
			buildRules = (
			);
			dependencies = (
			);
			name = "HeeeCircleView-demo";
			productName = "HeeeCircleView-demo";
			productReference = A71FBCDB217CC00E00692BFB /* HeeeCircleView-demo.app */;
			productType = "com.apple.product-type.application";
		};
/* End PBXNativeTarget section */

/* Begin PBXProject section */
		A71FBCD3217CC00D00692BFB /* Project object */ = {
			isa = PBXProject;
			attributes = {
				LastUpgradeCheck = 1000;
				ORGANIZATIONNAME = hgy;
				TargetAttributes = {
					A71FBCDA217CC00E00692BFB = {
						CreatedOnToolsVersion = 10.0;
					};
				};
			};
			buildConfigurationList = A71FBCD6217CC00D00692BFB /* Build configuration list for PBXProject "HeeeCircleView-demo" */;
			compatibilityVersion = "Xcode 9.3";
			developmentRegion = en;
			hasScannedForEncodings = 0;
			knownRegions = (
				en,
				Base,
			);
			mainGroup = A71FBCD2217CC00D00692BFB;
			productRefGroup = A71FBCDC217CC00E00692BFB /* Products */;
			projectDirPath = "";
			projectRoot = "";
			targets = (
				A71FBCDA217CC00E00692BFB /* HeeeCircleView-demo */,
			);
		};
/* End PBXProject section */

/* Begin PBXResourcesBuildPhase section */
		A71FBCD9217CC00E00692BFB /* Resources */ = {
			isa = PBXResourcesBuildPhase;
			buildActionMask = 2147483647;
			files = (
				A71FBCEB217CC00F00692BFB /* LaunchScreen.storyboard in Resources */,
				A71FBCE8217CC00F00692BFB /* Assets.xcassets in Resources */,
				A71FBCE6217CC00E00692BFB /* Main.storyboard in Resources */,
			);
			runOnlyForDeploymentPostprocessing = 0;
		};
/* End PBXResourcesBuildPhase section */

/* Begin PBXSourcesBuildPhase section */
		A71FBCD7217CC00E00692BFB /* Sources */ = {
			isa = PBXSourcesBuildPhase;
			buildActionMask = 2147483647;
			files = (
				A71FBCE3217CC00E00692BFB /* ViewController.m in Sources */,
				A71FBCEE217CC00F00692BFB /* main.m in Sources */,
				A71FBCE0217CC00E00692BFB /* AppDelegate.m in Sources */,
				A71FBCF7217CC05600692BFB /* HeeeCircleView.m in Sources */,
			);
			runOnlyForDeploymentPostprocessing = 0;
		};
/* End PBXSourcesBuildPhase section */

/* Begin PBXVariantGroup section */
		A71FBCE4217CC00E00692BFB /* Main.storyboard */ = {
			isa = PBXVariantGroup;
			children = (
				A71FBCE5217CC00E00692BFB /* Base */,
			);
			name = Main.storyboard;
			sourceTree = "<group>";
		};
		A71FBCE9217CC00F00692BFB /* LaunchScreen.storyboard */ = {
			isa = PBXVariantGroup;
			children = (
				A71FBCEA217CC00F00692BFB /* Base */,
			);
			name = LaunchScreen.storyboard;
			sourceTree = "<group>";
		};
/* End PBXVariantGroup section */

/* Begin XCBuildConfiguration section */
		A71FBCEF217CC00F00692BFB /* Debug */ = {
			isa = XCBuildConfiguration;
			buildSettings = {
				ALWAYS_SEARCH_USER_PATHS = NO;
				CLANG_ANALYZER_NONNULL = YES;
				CLANG_ANALYZER_NUMBER_OBJECT_CONVERSION = YES_AGGRESSIVE;
				CLANG_CXX_LANGUAGE_STANDARD = "gnu++14";
				CLANG_CXX_LIBRARY = "libc++";
				CLANG_ENABLE_MODULES = YES;
				CLANG_ENABLE_OBJC_ARC = YES;
				CLANG_ENABLE_OBJC_WEAK = YES;
				CLANG_WARN_BLOCK_CAPTURE_AUTORELEASING = YES;
				CLANG_WARN_BOOL_CONVERSION = YES;
				CLANG_WARN_COMMA = YES;
				CLANG_WARN_CONSTANT_CONVERSION = YES;
				CLANG_WARN_DEPRECATED_OBJC_IMPLEMENTATIONS = YES;
				CLANG_WARN_DIRECT_OBJC_ISA_USAGE = YES_ERROR;
				CLANG_WARN_DOCUMENTATION_COMMENTS = YES;
				CLANG_WARN_EMPTY_BODY = YES;
				CLANG_WARN_ENUM_CONVERSION = YES;
				CLANG_WARN_INFINITE_RECURSION = YES;
				CLANG_WARN_INT_CONVERSION = YES;
				CLANG_WARN_NON_LITERAL_NULL_CONVERSION = YES;
				CLANG_WARN_OBJC_IMPLICIT_RETAIN_SELF = YES;
				CLANG_WARN_OBJC_LITERAL_CONVERSION = YES;
				CLANG_WARN_OBJC_ROOT_CLASS = YES_ERROR;
				CLANG_WARN_RANGE_LOOP_ANALYSIS = YES;
				CLANG_WARN_STRICT_PROTOTYPES = YES;
				CLANG_WARN_SUSPICIOUS_MOVE = YES;
				CLANG_WARN_UNGUARDED_AVAILABILITY = YES_AGGRESSIVE;
				CLANG_WARN_UNREACHABLE_CODE = YES;
				CLANG_WARN__DUPLICATE_METHOD_MATCH = YES;
				CODE_SIGN_IDENTITY = "iPhone Developer";
				COPY_PHASE_STRIP = NO;
				DEBUG_INFORMATION_FORMAT = dwarf;
				ENABLE_STRICT_OBJC_MSGSEND = YES;
				ENABLE_TESTABILITY = YES;
				GCC_C_LANGUAGE_STANDARD = gnu11;
				GCC_DYNAMIC_NO_PIC = NO;
				GCC_NO_COMMON_BLOCKS = YES;
				GCC_OPTIMIZATION_LEVEL = 0;
				GCC_PREPROCESSOR_DEFINITIONS = (
					"DEBUG=1",
					"$(inherited)",
				);
				GCC_WARN_64_TO_32_BIT_CONVERSION = YES;
				GCC_WARN_ABOUT_RETURN_TYPE = YES_ERROR;
				GCC_WARN_UNDECLARED_SELECTOR = YES;
				GCC_WARN_UNINITIALIZED_AUTOS = YES_AGGRESSIVE;
				GCC_WARN_UNUSED_FUNCTION = YES;
				GCC_WARN_UNUSED_VARIABLE = YES;
				IPHONEOS_DEPLOYMENT_TARGET = 12.0;
				MTL_ENABLE_DEBUG_INFO = INCLUDE_SOURCE;
				MTL_FAST_MATH = YES;
				ONLY_ACTIVE_ARCH = YES;
				SDKROOT = iphoneos;
			};
			name = Debug;
		};
		A71FBCF0217CC00F00692BFB /* Release */ = {
			isa = XCBuildConfiguration;
			buildSettings = {
				ALWAYS_SEARCH_USER_PATHS = NO;
				CLANG_ANALYZER_NONNULL = YES;
				CLANG_ANALYZER_NUMBER_OBJECT_CONVERSION = YES_AGGRESSIVE;
				CLANG_CXX_LANGUAGE_STANDARD = "gnu++14";
				CLANG_CXX_LIBRARY = "libc++";
				CLANG_ENABLE_MODULES = YES;
				CLANG_ENABLE_OBJC_ARC = YES;
				CLANG_ENABLE_OBJC_WEAK = YES;
				CLANG_WARN_BLOCK_CAPTURE_AUTORELEASING = YES;
				CLANG_WARN_BOOL_CONVERSION = YES;
				CLANG_WARN_COMMA = YES;
				CLANG_WARN_CONSTANT_CONVERSION = YES;
				CLANG_WARN_DEPRECATED_OBJC_IMPLEMENTATIONS = YES;
				CLANG_WARN_DIRECT_OBJC_ISA_USAGE = YES_ERROR;
				CLANG_WARN_DOCUMENTATION_COMMENTS = YES;
				CLANG_WARN_EMPTY_BODY = YES;
				CLANG_WARN_ENUM_CONVERSION = YES;
				CLANG_WARN_INFINITE_RECURSION = YES;
				CLANG_WARN_INT_CONVERSION = YES;
				CLANG_WARN_NON_LITERAL_NULL_CONVERSION = YES;
				CLANG_WARN_OBJC_IMPLICIT_RETAIN_SELF = YES;
				CLANG_WARN_OBJC_LITERAL_CONVERSION = YES;
				CLANG_WARN_OBJC_ROOT_CLASS = YES_ERROR;
				CLANG_WARN_RANGE_LOOP_ANALYSIS = YES;
				CLANG_WARN_STRICT_PROTOTYPES = YES;
				CLANG_WARN_SUSPICIOUS_MOVE = YES;
				CLANG_WARN_UNGUARDED_AVAILABILITY = YES_AGGRESSIVE;
				CLANG_WARN_UNREACHABLE_CODE = YES;
				CLANG_WARN__DUPLICATE_METHOD_MATCH = YES;
				CODE_SIGN_IDENTITY = "iPhone Developer";
				COPY_PHASE_STRIP = NO;
				DEBUG_INFORMATION_FORMAT = "dwarf-with-dsym";
				ENABLE_NS_ASSERTIONS = NO;
				ENABLE_STRICT_OBJC_MSGSEND = YES;
				GCC_C_LANGUAGE_STANDARD = gnu11;
				GCC_NO_COMMON_BLOCKS = YES;
				GCC_WARN_64_TO_32_BIT_CONVERSION = YES;
				GCC_WARN_ABOUT_RETURN_TYPE = YES_ERROR;
				GCC_WARN_UNDECLARED_SELECTOR = YES;
				GCC_WARN_UNINITIALIZED_AUTOS = YES_AGGRESSIVE;
				GCC_WARN_UNUSED_FUNCTION = YES;
				GCC_WARN_UNUSED_VARIABLE = YES;
				IPHONEOS_DEPLOYMENT_TARGET = 12.0;
				MTL_ENABLE_DEBUG_INFO = NO;
				MTL_FAST_MATH = YES;
				SDKROOT = iphoneos;
				VALIDATE_PRODUCT = YES;
			};
			name = Release;
		};
		A71FBCF2217CC00F00692BFB /* Debug */ = {
			isa = XCBuildConfiguration;
			buildSettings = {
				ASSETCATALOG_COMPILER_APPICON_NAME = AppIcon;
				CODE_SIGN_STYLE = Automatic;
				DEVELOPMENT_TEAM = 27HH8LNC45;
				INFOPLIST_FILE = "HeeeCircleView-demo/Info.plist";
				LD_RUNPATH_SEARCH_PATHS = (
					"$(inherited)",
					"@executable_path/Frameworks",
				);
				PRODUCT_BUNDLE_IDENTIFIER = www.Heee.cessssss;
				PRODUCT_NAME = "$(TARGET_NAME)";
				TARGETED_DEVICE_FAMILY = "1,2";
			};
			name = Debug;
		};
		A71FBCF3217CC00F00692BFB /* Release */ = {
			isa = XCBuildConfiguration;
			buildSettings = {
				ASSETCATALOG_COMPILER_APPICON_NAME = AppIcon;
				CODE_SIGN_STYLE = Automatic;
				DEVELOPMENT_TEAM = 27HH8LNC45;
				INFOPLIST_FILE = "HeeeCircleView-demo/Info.plist";
				LD_RUNPATH_SEARCH_PATHS = (
					"$(inherited)",
					"@executable_path/Frameworks",
				);
				PRODUCT_BUNDLE_IDENTIFIER = www.Heee.cessssss;
				PRODUCT_NAME = "$(TARGET_NAME)";
				TARGETED_DEVICE_FAMILY = "1,2";
			};
			name = Release;
		};
/* End XCBuildConfiguration section */

/* Begin XCConfigurationList section */
		A71FBCD6217CC00D00692BFB /* Build configuration list for PBXProject "HeeeCircleView-demo" */ = {
			isa = XCConfigurationList;
			buildConfigurations = (
				A71FBCEF217CC00F00692BFB /* Debug */,
				A71FBCF0217CC00F00692BFB /* Release */,
			);
			defaultConfigurationIsVisible = 0;
			defaultConfigurationName = Release;
		};
		A71FBCF1217CC00F00692BFB /* Build configuration list for PBXNativeTarget "HeeeCircleView-demo" */ = {
			isa = XCConfigurationList;
			buildConfigurations = (
				A71FBCF2217CC00F00692BFB /* Debug */,
				A71FBCF3217CC00F00692BFB /* Release */,
			);
			defaultConfigurationIsVisible = 0;
			defaultConfigurationName = Release;
		};
/* End XCConfigurationList section */
	};
	rootObject = A71FBCD3217CC00D00692BFB /* Project object */;
}
